
Microsoft Visual Studio Solution File, Format Version 12.00
# Visual Studio Version 16
VisualStudioVersion = 16.0.29806.167
MinimumVisualStudioVersion = 10.0.40219.1
Project("{FAE04EC0-301F-11D3-BF4B-00C04F79EFBC}") = "翻译KING", "TranslatorUI\翻译KING.csproj", "{1FDBC369-E849-459D-8709-829126B09F43}"
EndProject
Project("{FAE04EC0-301F-11D3-BF4B-00C04F79EFBC}") = "RisCaptureLib", "RisCaptureLib\RisCaptureLib.csproj", "{DE79C6AB-B5A9-4BAF-80FA-22835452785F}"
EndProject
Global
	GlobalSection(SolutionConfigurationPlatforms) = preSolution
		Debug|Any CPU = Debug|Any CPU
		Release|Any CPU = Release|Any CPU
	EndGlobalSection
	GlobalSection(ProjectConfigurationPlatforms) = postSolution
		{1FDBC369-E849-459D-8709-829126B09F43}.Debug|Any CPU.ActiveCfg = Debug|Any CPU
		{1FDBC369-E849-459D-8709-829126B09F43}.Debug|Any CPU.Build.0 = Debug|Any CPU
		{1FDBC369-E849-459D-8709-829126B09F43}.Release|Any CPU.ActiveCfg = Release|Any CPU
		{1FDBC369-E849-459D-8709-829126B09F43}.Release|Any CPU.Build.0 = Release|Any CPU
		{DE79C6AB-B5A9-4BAF-80FA-22835452785F}.Debug|Any CPU.ActiveCfg = Debug|Any CPU
		{DE79C6AB-B5A9-4BAF-80FA-22835452785F}.Debug|Any CPU.Build.0 = Debug|Any CPU
		{DE79C6AB-B5A9-4BAF-80FA-22835452785F}.Release|Any CPU.ActiveCfg = Release|Any CPU
		{DE79C6AB-B5A9-4BAF-80FA-22835452785F}.Release|Any CPU.Build.0 = Release|Any CPU
	EndGlobalSection
	GlobalSection(SolutionProperties) = preSolution
		HideSolutionNode = FALSE
	EndGlobalSection
	GlobalSection(ExtensibilityGlobals) = postSolution
		SolutionGuid = {13D93B6A-7C45-405C-9761-2B5DE7FB1BF3}
	EndGlobalSection
EndGlobal
